
Microsoft Visual Studio Solution File, Format Version 12.00
# Visual Studio Version 17
VisualStudioVersion = 17.0.31903.59
MinimumVisualStudioVersion = 10.0.40219.1
Project("{FAE04EC0-301F-11D3-BF4B-00C04F79EFBC}") = "ProductCatalog.Api", "src\ProductCatalog.Api\ProductCatalog.Api.csproj", "{1778AC82-13ED-44AA-A74A-02C82DC43276}"
EndProject
Project("{FAE04EC0-301F-11D3-BF4B-00C04F79EFBC}") = "ProductCatalog.Specs", "src\ProductCatalog.Specs\ProductCatalog.Specs.csproj", "{61E24DF2-026B-4998-B6A3-6A2562732FF9}"
EndProject
Project("{FAE04EC0-301F-11D3-BF4B-00C04F79EFBC}") = "ProductCatalog.Specs.Runner", "src\ProductCatalog.Specs.Runner\ProductCatalog.Specs.Runner.csproj", "{599D6871-4434-48EA-B31C-77E0EC795939}"
EndProject
Global
	GlobalSection(SolutionConfigurationPlatforms) = preSolution
		Debug|Any CPU = Debug|Any CPU
		Release|Any CPU = Release|Any CPU
	EndGlobalSection
	GlobalSection(SolutionProperties) = preSolution
		HideSolutionNode = FALSE
	EndGlobalSection
	GlobalSection(ProjectConfigurationPlatforms) = postSolution
		{1778AC82-13ED-44AA-A74A-02C82DC43276}.Debug|Any CPU.ActiveCfg = Debug|Any CPU
		{1778AC82-13ED-44AA-A74A-02C82DC43276}.Debug|Any CPU.Build.0 = Debug|Any CPU
		{1778AC82-13ED-44AA-A74A-02C82DC43276}.Release|Any CPU.ActiveCfg = Release|Any CPU
		{1778AC82-13ED-44AA-A74A-02C82DC43276}.Release|Any CPU.Build.0 = Release|Any CPU
		{61E24DF2-026B-4998-B6A3-6A2562732FF9}.Debug|Any CPU.ActiveCfg = Debug|Any CPU
		{61E24DF2-026B-4998-B6A3-6A2562732FF9}.Debug|Any CPU.Build.0 = Debug|Any CPU
		{61E24DF2-026B-4998-B6A3-6A2562732FF9}.Release|Any CPU.ActiveCfg = Release|Any CPU
		{61E24DF2-026B-4998-B6A3-6A2562732FF9}.Release|Any CPU.Build.0 = Release|Any CPU
		{599D6871-4434-48EA-B31C-77E0EC795939}.Debug|Any CPU.ActiveCfg = Debug|Any CPU
		{599D6871-4434-48EA-B31C-77E0EC795939}.Debug|Any CPU.Build.0 = Debug|Any CPU
		{599D6871-4434-48EA-B31C-77E0EC795939}.Release|Any CPU.ActiveCfg = Release|Any CPU
		{599D6871-4434-48EA-B31C-77E0EC795939}.Release|Any CPU.Build.0 = Release|Any CPU
	EndGlobalSection
EndGlobal
